
Microsoft Visual Studio Solution File, Format Version 12.00
# Visual Studio Version 17
VisualStudioVersion = 17.9.34616.47
MinimumVisualStudioVersion = 10.0.40219.1
Project("{8BC9CEB8-8B4A-11D0-8D11-00A0C91BC942}") = "PemDas_3Juni", "PemDas_3Juni\PemDas_3Juni.vcxproj", "{D6E1E6FD-CD7D-4638-A61B-9F6D9E4B5AB4}"
EndProject
Project("{8BC9CEB8-8B4A-11D0-8D11-00A0C91BC942}") = "IosFileWithPath", "IosFileWithPath\IosFileWithPath.vcxproj", "{0B1FA3B7-FB3F-4264-88A5-38DA7B6890E5}"
EndProject
Project("{8BC9CEB8-8B4A-11D0-8D11-00A0C91BC942}") = "Exception", "Exception\Exception.vcxproj", "{82A80EB4-5E76-48CC-BC0C-AC601FCDEDF3}"
EndProject
Project("{8BC9CEB8-8B4A-11D0-8D11-00A0C91BC942}") = "ManualException", "ManualException\ManualException.vcxproj", "{DE0A003A-4CE4-4D2D-B860-EA2541793452}"
EndProject
Global
	GlobalSection(SolutionConfigurationPlatforms) = preSolution
		Debug|x64 = Debug|x64
		Debug|x86 = Debug|x86
		Release|x64 = Release|x64
		Release|x86 = Release|x86
	EndGlobalSection
	GlobalSection(ProjectConfigurationPlatforms) = postSolution
		{D6E1E6FD-CD7D-4638-A61B-9F6D9E4B5AB4}.Debug|x64.ActiveCfg = Debug|x64
		{D6E1E6FD-CD7D-4638-A61B-9F6D9E4B5AB4}.Debug|x64.Build.0 = Debug|x64
		{D6E1E6FD-CD7D-4638-A61B-9F6D9E4B5AB4}.Debug|x86.ActiveCfg = Debug|Win32
		{D6E1E6FD-CD7D-4638-A61B-9F6D9E4B5AB4}.Debug|x86.Build.0 = Debug|Win32
		{D6E1E6FD-CD7D-4638-A61B-9F6D9E4B5AB4}.Release|x64.ActiveCfg = Release|x64
		{D6E1E6FD-CD7D-4638-A61B-9F6D9E4B5AB4}.Release|x64.Build.0 = Release|x64
		{D6E1E6FD-CD7D-4638-A61B-9F6D9E4B5AB4}.Release|x86.ActiveCfg = Release|Win32
		{D6E1E6FD-CD7D-4638-A61B-9F6D9E4B5AB4}.Release|x86.Build.0 = Release|Win32
		{0B1FA3B7-FB3F-4264-88A5-38DA7B6890E5}.Debug|x64.ActiveCfg = Debug|x64
		{0B1FA3B7-FB3F-4264-88A5-38DA7B6890E5}.Debug|x64.Build.0 = Debug|x64
		{0B1FA3B7-FB3F-4264-88A5-38DA7B6890E5}.Debug|x86.ActiveCfg = Debug|Win32
		{0B1FA3B7-FB3F-4264-88A5-38DA7B6890E5}.Debug|x86.Build.0 = Debug|Win32
		{0B1FA3B7-FB3F-4264-88A5-38DA7B6890E5}.Release|x64.ActiveCfg = Release|x64
		{0B1FA3B7-FB3F-4264-88A5-38DA7B6890E5}.Release|x64.Build.0 = Release|x64
		{0B1FA3B7-FB3F-4264-88A5-38DA7B6890E5}.Release|x86.ActiveCfg = Release|Win32
		{0B1FA3B7-FB3F-4264-88A5-38DA7B6890E5}.Release|x86.Build.0 = Release|Win32
		{82A80EB4-5E76-48CC-BC0C-AC601FCDEDF3}.Debug|x64.ActiveCfg = Debug|x64
		{82A80EB4-5E76-48CC-BC0C-AC601FCDEDF3}.Debug|x64.Build.0 = Debug|x64
		{82A80EB4-5E76-48CC-BC0C-AC601FCDEDF3}.Debug|x86.ActiveCfg = Debug|Win32
		{82A80EB4-5E76-48CC-BC0C-AC601FCDEDF3}.Debug|x86.Build.0 = Debug|Win32
		{82A80EB4-5E76-48CC-BC0C-AC601FCDEDF3}.Release|x64.ActiveCfg = Release|x64
		{82A80EB4-5E76-48CC-BC0C-AC601FCDEDF3}.Release|x64.Build.0 = Release|x64
		{82A80EB4-5E76-48CC-BC0C-AC601FCDEDF3}.Release|x86.ActiveCfg = Release|Win32
		{82A80EB4-5E76-48CC-BC0C-AC601FCDEDF3}.Release|x86.Build.0 = Release|Win32
		{DE0A003A-4CE4-4D2D-B860-EA2541793452}.Debug|x64.ActiveCfg = Debug|x64
		{DE0A003A-4CE4-4D2D-B860-EA2541793452}.Debug|x64.Build.0 = Debug|x64
		{DE0A003A-4CE4-4D2D-B860-EA2541793452}.Debug|x86.ActiveCfg = Debug|Win32
		{DE0A003A-4CE4-4D2D-B860-EA2541793452}.Debug|x86.Build.0 = Debug|Win32
		{DE0A003A-4CE4-4D2D-B860-EA2541793452}.Release|x64.ActiveCfg = Release|x64
		{DE0A003A-4CE4-4D2D-B860-EA2541793452}.Release|x64.Build.0 = Release|x64
		{DE0A003A-4CE4-4D2D-B860-EA2541793452}.Release|x86.ActiveCfg = Release|Win32
		{DE0A003A-4CE4-4D2D-B860-EA2541793452}.Release|x86.Build.0 = Release|Win32
	EndGlobalSection
	GlobalSection(SolutionProperties) = preSolution
		HideSolutionNode = FALSE
	EndGlobalSection
	GlobalSection(ExtensibilityGlobals) = postSolution
		SolutionGuid = {F0FBB879-F0B6-4FAE-B807-3536BB9F52A6}
	EndGlobalSection
EndGlobal
